
Microsoft Visual Studio Solution File, Format Version 12.00
# Visual Studio 2012
VisualStudioVersion = 14.0.23107.0
MinimumVisualStudioVersion = 10.0.40219.1
Project("{2150E333-8FDC-42A3-9474-1A3956D46DE8}") = "Shared", "Shared", "{309749A2-72FB-49F7-A8C8-AB1BF8121B14}"
EndProject
Project("{FAE04EC0-301F-11D3-BF4B-00C04F79EFBC}") = "Trivial.Core", "Trivial\Trivial.Core\Trivial.Core.csproj", "{8338F2AE-310B-4EF2-B858-EEDCC5118E71}"
EndProject
Project("{FAE04EC0-301F-11D3-BF4B-00C04F79EFBC}") = "Trivial.Forms", "Trivial\Trivial.Forms\Trivial.Forms.csproj", "{CF85F70F-CB27-4E27-89CB-3AE5D15FC22E}"
EndProject
Project("{2150E333-8FDC-42A3-9474-1A3956D46DE8}") = "Platforms", "Platforms", "{7FA3148C-68F8-4C0F-B0A3-3B64DAF5A80D}"
EndProject
Project("{FAE04EC0-301F-11D3-BF4B-00C04F79EFBC}") = "Trivial.iOS", "Trivial\Trivial.iOS\Trivial.iOS.csproj", "{382CA8E1-D7E8-4959-8F32-8C3A1991F6A0}"
EndProject
Project("{FAE04EC0-301F-11D3-BF4B-00C04F79EFBC}") = "Trivial.Droid", "Trivial\Trivial.Droid\Trivial.Droid.csproj", "{699461A0-CDC6-4B3B-8961-6A6112F412DD}"
EndProject
Project("{FAE04EC0-301F-11D3-BF4B-00C04F79EFBC}") = "Trivial.WinPhone", "Trivial\Trivial.WinPhone\Trivial.WinPhone.csproj", "{4DB6153D-330A-4AC3-A7AA-5E2B2AF1B379}"
EndProject
Project("{2150E333-8FDC-42A3-9474-1A3956D46DE8}") = "Tests", "Tests", "{5E08E4F9-A4FB-4D8C-B771-8BCF9D8B5319}"
EndProject
Project("{FAE04EC0-301F-11D3-BF4B-00C04F79EFBC}") = "Trivial.Tests.Unit", "Trivial\Trivial.Tests.Unit\Trivial.Tests.Unit.csproj", "{49EDEA7E-32CD-4510-96A1-E1D2BBB79128}"
EndProject
Project("{FAE04EC0-301F-11D3-BF4B-00C04F79EFBC}") = "Trivial.Tests.UI", "Trivial\Trivial.Tests.UI\Trivial.Tests.UI.csproj", "{A6BBB420-A307-41D2-A55B-9C5BA4492794}"
EndProject
Global
	GlobalSection(SolutionConfigurationPlatforms) = preSolution
		Ad-Hoc|Any CPU = Ad-Hoc|Any CPU
		Ad-Hoc|ARM = Ad-Hoc|ARM
		Ad-Hoc|iPhone = Ad-Hoc|iPhone
		Ad-Hoc|iPhoneSimulator = Ad-Hoc|iPhoneSimulator
		Ad-Hoc|x86 = Ad-Hoc|x86
		AppStore|Any CPU = AppStore|Any CPU
		AppStore|ARM = AppStore|ARM
		AppStore|iPhone = AppStore|iPhone
		AppStore|iPhoneSimulator = AppStore|iPhoneSimulator
		AppStore|x86 = AppStore|x86
		Debug|Any CPU = Debug|Any CPU
		Debug|ARM = Debug|ARM
		Debug|iPhone = Debug|iPhone
		Debug|iPhoneSimulator = Debug|iPhoneSimulator
		Debug|x86 = Debug|x86
		Release|Any CPU = Release|Any CPU
		Release|ARM = Release|ARM
		Release|iPhone = Release|iPhone
		Release|iPhoneSimulator = Release|iPhoneSimulator
		Release|x86 = Release|x86
	EndGlobalSection
	GlobalSection(ProjectConfigurationPlatforms) = postSolution
		{382CA8E1-D7E8-4959-8F32-8C3A1991F6A0}.Ad-Hoc|Any CPU.ActiveCfg = Ad-Hoc|iPhone
		{382CA8E1-D7E8-4959-8F32-8C3A1991F6A0}.Ad-Hoc|ARM.ActiveCfg = Ad-Hoc|iPhone
		{382CA8E1-D7E8-4959-8F32-8C3A1991F6A0}.Ad-Hoc|iPhone.ActiveCfg = Ad-Hoc|iPhone
		{382CA8E1-D7E8-4959-8F32-8C3A1991F6A0}.Ad-Hoc|iPhone.Build.0 = Ad-Hoc|iPhone
		{382CA8E1-D7E8-4959-8F32-8C3A1991F6A0}.Ad-Hoc|iPhoneSimulator.ActiveCfg = Ad-Hoc|iPhoneSimulator
		{382CA8E1-D7E8-4959-8F32-8C3A1991F6A0}.Ad-Hoc|iPhoneSimulator.Build.0 = Ad-Hoc|iPhoneSimulator
		{382CA8E1-D7E8-4959-8F32-8C3A1991F6A0}.Ad-Hoc|x86.ActiveCfg = Ad-Hoc|iPhone
		{382CA8E1-D7E8-4959-8F32-8C3A1991F6A0}.AppStore|Any CPU.ActiveCfg = AppStore|iPhone
		{382CA8E1-D7E8-4959-8F32-8C3A1991F6A0}.AppStore|ARM.ActiveCfg = AppStore|iPhone
		{382CA8E1-D7E8-4959-8F32-8C3A1991F6A0}.AppStore|iPhone.ActiveCfg = AppStore|iPhone
		{382CA8E1-D7E8-4959-8F32-8C3A1991F6A0}.AppStore|iPhone.Build.0 = AppStore|iPhone
		{382CA8E1-D7E8-4959-8F32-8C3A1991F6A0}.AppStore|iPhoneSimulator.ActiveCfg = AppStore|iPhoneSimulator
		{382CA8E1-D7E8-4959-8F32-8C3A1991F6A0}.AppStore|iPhoneSimulator.Build.0 = AppStore|iPhoneSimulator
		{382CA8E1-D7E8-4959-8F32-8C3A1991F6A0}.AppStore|x86.ActiveCfg = AppStore|iPhone
		{382CA8E1-D7E8-4959-8F32-8C3A1991F6A0}.Debug|Any CPU.ActiveCfg = Debug|iPhone
		{382CA8E1-D7E8-4959-8F32-8C3A1991F6A0}.Debug|ARM.ActiveCfg = Debug|iPhone
		{382CA8E1-D7E8-4959-8F32-8C3A1991F6A0}.Debug|iPhone.ActiveCfg = Debug|iPhone
		{382CA8E1-D7E8-4959-8F32-8C3A1991F6A0}.Debug|iPhone.Build.0 = Debug|iPhone
		{382CA8E1-D7E8-4959-8F32-8C3A1991F6A0}.Debug|iPhoneSimulator.ActiveCfg = Debug|iPhoneSimulator
		{382CA8E1-D7E8-4959-8F32-8C3A1991F6A0}.Debug|iPhoneSimulator.Build.0 = Debug|iPhoneSimulator
		{382CA8E1-D7E8-4959-8F32-8C3A1991F6A0}.Debug|x86.ActiveCfg = Debug|iPhone
		{382CA8E1-D7E8-4959-8F32-8C3A1991F6A0}.Release|Any CPU.ActiveCfg = Release|iPhone
		{382CA8E1-D7E8-4959-8F32-8C3A1991F6A0}.Release|ARM.ActiveCfg = Release|iPhone
		{382CA8E1-D7E8-4959-8F32-8C3A1991F6A0}.Release|iPhone.ActiveCfg = Release|iPhone
		{382CA8E1-D7E8-4959-8F32-8C3A1991F6A0}.Release|iPhone.Build.0 = Release|iPhone
		{382CA8E1-D7E8-4959-8F32-8C3A1991F6A0}.Release|iPhoneSimulator.ActiveCfg = Release|iPhoneSimulator
		{382CA8E1-D7E8-4959-8F32-8C3A1991F6A0}.Release|iPhoneSimulator.Build.0 = Release|iPhoneSimulator
		{382CA8E1-D7E8-4959-8F32-8C3A1991F6A0}.Release|x86.ActiveCfg = Release|iPhone
		{49EDEA7E-32CD-4510-96A1-E1D2BBB79128}.Ad-Hoc|Any CPU.ActiveCfg = Release|Any CPU
		{49EDEA7E-32CD-4510-96A1-E1D2BBB79128}.Ad-Hoc|Any CPU.Build.0 = Release|Any CPU
		{49EDEA7E-32CD-4510-96A1-E1D2BBB79128}.Ad-Hoc|ARM.ActiveCfg = Release|Any CPU
		{49EDEA7E-32CD-4510-96A1-E1D2BBB79128}.Ad-Hoc|ARM.Build.0 = Release|Any CPU
		{49EDEA7E-32CD-4510-96A1-E1D2BBB79128}.Ad-Hoc|iPhone.ActiveCfg = Release|Any CPU
		{49EDEA7E-32CD-4510-96A1-E1D2BBB79128}.Ad-Hoc|iPhone.Build.0 = Release|Any CPU
		{49EDEA7E-32CD-4510-96A1-E1D2BBB79128}.Ad-Hoc|iPhoneSimulator.ActiveCfg = Release|Any CPU
		{49EDEA7E-32CD-4510-96A1-E1D2BBB79128}.Ad-Hoc|iPhoneSimulator.Build.0 = Release|Any CPU
		{49EDEA7E-32CD-4510-96A1-E1D2BBB79128}.Ad-Hoc|x86.ActiveCfg = Release|Any CPU
		{49EDEA7E-32CD-4510-96A1-E1D2BBB79128}.Ad-Hoc|x86.Build.0 = Release|Any CPU
		{49EDEA7E-32CD-4510-96A1-E1D2BBB79128}.AppStore|Any CPU.ActiveCfg = Release|Any CPU
		{49EDEA7E-32CD-4510-96A1-E1D2BBB79128}.AppStore|Any CPU.Build.0 = Release|Any CPU
		{49EDEA7E-32CD-4510-96A1-E1D2BBB79128}.AppStore|ARM.ActiveCfg = Release|Any CPU
		{49EDEA7E-32CD-4510-96A1-E1D2BBB79128}.AppStore|ARM.Build.0 = Release|Any CPU
		{49EDEA7E-32CD-4510-96A1-E1D2BBB79128}.AppStore|iPhone.ActiveCfg = Release|Any CPU
		{49EDEA7E-32CD-4510-96A1-E1D2BBB79128}.AppStore|iPhone.Build.0 = Release|Any CPU
		{49EDEA7E-32CD-4510-96A1-E1D2BBB79128}.AppStore|iPhoneSimulator.ActiveCfg = Release|Any CPU
		{49EDEA7E-32CD-4510-96A1-E1D2BBB79128}.AppStore|iPhoneSimulator.Build.0 = Release|Any CPU
		{49EDEA7E-32CD-4510-96A1-E1D2BBB79128}.AppStore|x86.ActiveCfg = Release|Any CPU
		{49EDEA7E-32CD-4510-96A1-E1D2BBB79128}.AppStore|x86.Build.0 = Release|Any CPU
		{49EDEA7E-32CD-4510-96A1-E1D2BBB79128}.Debug|Any CPU.ActiveCfg = Debug|Any CPU
		{49EDEA7E-32CD-4510-96A1-E1D2BBB79128}.Debug|Any CPU.Build.0 = Debug|Any CPU
		{49EDEA7E-32CD-4510-96A1-E1D2BBB79128}.Debug|ARM.ActiveCfg = Debug|Any CPU
		{49EDEA7E-32CD-4510-96A1-E1D2BBB79128}.Debug|ARM.Build.0 = Debug|Any CPU
		{49EDEA7E-32CD-4510-96A1-E1D2BBB79128}.Debug|iPhone.ActiveCfg = Debug|Any CPU
		{49EDEA7E-32CD-4510-96A1-E1D2BBB79128}.Debug|iPhone.Build.0 = Debug|Any CPU
		{49EDEA7E-32CD-4510-96A1-E1D2BBB79128}.Debug|iPhoneSimulator.ActiveCfg = Debug|Any CPU
		{49EDEA7E-32CD-4510-96A1-E1D2BBB79128}.Debug|iPhoneSimulator.Build.0 = Debug|Any CPU
		{49EDEA7E-32CD-4510-96A1-E1D2BBB79128}.Debug|x86.ActiveCfg = Debug|Any CPU
		{49EDEA7E-32CD-4510-96A1-E1D2BBB79128}.Debug|x86.Build.0 = Debug|Any CPU
		{49EDEA7E-32CD-4510-96A1-E1D2BBB79128}.Release|Any CPU.ActiveCfg = Release|Any CPU
		{49EDEA7E-32CD-4510-96A1-E1D2BBB79128}.Release|Any CPU.Build.0 = Release|Any CPU
		{49EDEA7E-32CD-4510-96A1-E1D2BBB79128}.Release|ARM.ActiveCfg = Release|Any CPU
		{49EDEA7E-32CD-4510-96A1-E1D2BBB79128}.Release|ARM.Build.0 = Release|Any CPU
		{49EDEA7E-32CD-4510-96A1-E1D2BBB79128}.Release|iPhone.ActiveCfg = Release|Any CPU
		{49EDEA7E-32CD-4510-96A1-E1D2BBB79128}.Release|iPhone.Build.0 = Release|Any CPU
		{49EDEA7E-32CD-4510-96A1-E1D2BBB79128}.Release|iPhoneSimulator.ActiveCfg = Release|Any CPU
		{49EDEA7E-32CD-4510-96A1-E1D2BBB79128}.Release|iPhoneSimulator.Build.0 = Release|Any CPU
		{49EDEA7E-32CD-4510-96A1-E1D2BBB79128}.Release|x86.ActiveCfg = Release|Any CPU
		{49EDEA7E-32CD-4510-96A1-E1D2BBB79128}.Release|x86.Build.0 = Release|Any CPU
		{4DB6153D-330A-4AC3-A7AA-5E2B2AF1B379}.Ad-Hoc|Any CPU.ActiveCfg = Release|Any CPU
		{4DB6153D-330A-4AC3-A7AA-5E2B2AF1B379}.Ad-Hoc|Any CPU.Build.0 = Release|Any CPU
		{4DB6153D-330A-4AC3-A7AA-5E2B2AF1B379}.Ad-Hoc|Any CPU.Deploy.0 = Release|Any CPU
		{4DB6153D-330A-4AC3-A7AA-5E2B2AF1B379}.Ad-Hoc|ARM.ActiveCfg = Release|ARM
		{4DB6153D-330A-4AC3-A7AA-5E2B2AF1B379}.Ad-Hoc|ARM.Build.0 = Release|ARM
		{4DB6153D-330A-4AC3-A7AA-5E2B2AF1B379}.Ad-Hoc|ARM.Deploy.0 = Release|ARM
		{4DB6153D-330A-4AC3-A7AA-5E2B2AF1B379}.Ad-Hoc|iPhone.ActiveCfg = Release|Any CPU
		{4DB6153D-330A-4AC3-A7AA-5E2B2AF1B379}.Ad-Hoc|iPhone.Build.0 = Release|Any CPU
		{4DB6153D-330A-4AC3-A7AA-5E2B2AF1B379}.Ad-Hoc|iPhone.Deploy.0 = Release|Any CPU
		{4DB6153D-330A-4AC3-A7AA-5E2B2AF1B379}.Ad-Hoc|iPhoneSimulator.ActiveCfg = Release|Any CPU
		{4DB6153D-330A-4AC3-A7AA-5E2B2AF1B379}.Ad-Hoc|iPhoneSimulator.Build.0 = Release|Any CPU
		{4DB6153D-330A-4AC3-A7AA-5E2B2AF1B379}.Ad-Hoc|iPhoneSimulator.Deploy.0 = Release|Any CPU
		{4DB6153D-330A-4AC3-A7AA-5E2B2AF1B379}.Ad-Hoc|x86.ActiveCfg = Release|x86
		{4DB6153D-330A-4AC3-A7AA-5E2B2AF1B379}.Ad-Hoc|x86.Build.0 = Release|x86
		{4DB6153D-330A-4AC3-A7AA-5E2B2AF1B379}.Ad-Hoc|x86.Deploy.0 = Release|x86
		{4DB6153D-330A-4AC3-A7AA-5E2B2AF1B379}.AppStore|Any CPU.ActiveCfg = Release|Any CPU
		{4DB6153D-330A-4AC3-A7AA-5E2B2AF1B379}.AppStore|Any CPU.Build.0 = Release|Any CPU
		{4DB6153D-330A-4AC3-A7AA-5E2B2AF1B379}.AppStore|Any CPU.Deploy.0 = Release|Any CPU
		{4DB6153D-330A-4AC3-A7AA-5E2B2AF1B379}.AppStore|ARM.ActiveCfg = Release|ARM
		{4DB6153D-330A-4AC3-A7AA-5E2B2AF1B379}.AppStore|ARM.Build.0 = Release|ARM
		{4DB6153D-330A-4AC3-A7AA-5E2B2AF1B379}.AppStore|ARM.Deploy.0 = Release|ARM
		{4DB6153D-330A-4AC3-A7AA-5E2B2AF1B379}.AppStore|iPhone.ActiveCfg = Release|Any CPU
		{4DB6153D-330A-4AC3-A7AA-5E2B2AF1B379}.AppStore|iPhone.Build.0 = Release|Any CPU
		{4DB6153D-330A-4AC3-A7AA-5E2B2AF1B379}.AppStore|iPhone.Deploy.0 = Release|Any CPU
		{4DB6153D-330A-4AC3-A7AA-5E2B2AF1B379}.AppStore|iPhoneSimulator.ActiveCfg = Release|Any CPU
		{4DB6153D-330A-4AC3-A7AA-5E2B2AF1B379}.AppStore|iPhoneSimulator.Build.0 = Release|Any CPU
		{4DB6153D-330A-4AC3-A7AA-5E2B2AF1B379}.AppStore|iPhoneSimulator.Deploy.0 = Release|Any CPU
		{4DB6153D-330A-4AC3-A7AA-5E2B2AF1B379}.AppStore|x86.ActiveCfg = Release|x86
		{4DB6153D-330A-4AC3-A7AA-5E2B2AF1B379}.AppStore|x86.Build.0 = Release|x86
		{4DB6153D-330A-4AC3-A7AA-5E2B2AF1B379}.AppStore|x86.Deploy.0 = Release|x86
		{4DB6153D-330A-4AC3-A7AA-5E2B2AF1B379}.Debug|Any CPU.ActiveCfg = Debug|Any CPU
		{4DB6153D-330A-4AC3-A7AA-5E2B2AF1B379}.Debug|Any CPU.Build.0 = Debug|Any CPU
		{4DB6153D-330A-4AC3-A7AA-5E2B2AF1B379}.Debug|Any CPU.Deploy.0 = Debug|Any CPU
		{4DB6153D-330A-4AC3-A7AA-5E2B2AF1B379}.Debug|ARM.ActiveCfg = Debug|ARM
		{4DB6153D-330A-4AC3-A7AA-5E2B2AF1B379}.Debug|ARM.Build.0 = Debug|ARM
		{4DB6153D-330A-4AC3-A7AA-5E2B2AF1B379}.Debug|ARM.Deploy.0 = Debug|ARM
		{4DB6153D-330A-4AC3-A7AA-5E2B2AF1B379}.Debug|iPhone.ActiveCfg = Debug|Any CPU
		{4DB6153D-330A-4AC3-A7AA-5E2B2AF1B379}.Debug|iPhone.Build.0 = Debug|Any CPU
		{4DB6153D-330A-4AC3-A7AA-5E2B2AF1B379}.Debug|iPhone.Deploy.0 = Debug|Any CPU
		{4DB6153D-330A-4AC3-A7AA-5E2B2AF1B379}.Debug|iPhoneSimulator.ActiveCfg = Debug|Any CPU
		{4DB6153D-330A-4AC3-A7AA-5E2B2AF1B379}.Debug|iPhoneSimulator.Build.0 = Debug|Any CPU
		{4DB6153D-330A-4AC3-A7AA-5E2B2AF1B379}.Debug|iPhoneSimulator.Deploy.0 = Debug|Any CPU
		{4DB6153D-330A-4AC3-A7AA-5E2B2AF1B379}.Debug|x86.ActiveCfg = Debug|x86
		{4DB6153D-330A-4AC3-A7AA-5E2B2AF1B379}.Debug|x86.Build.0 = Debug|x86
		{4DB6153D-330A-4AC3-A7AA-5E2B2AF1B379}.Debug|x86.Deploy.0 = Debug|x86
		{4DB6153D-330A-4AC3-A7AA-5E2B2AF1B379}.Release|Any CPU.ActiveCfg = Release|Any CPU
		{4DB6153D-330A-4AC3-A7AA-5E2B2AF1B379}.Release|Any CPU.Build.0 = Release|Any CPU
		{4DB6153D-330A-4AC3-A7AA-5E2B2AF1B379}.Release|Any CPU.Deploy.0 = Release|Any CPU
		{4DB6153D-330A-4AC3-A7AA-5E2B2AF1B379}.Release|ARM.ActiveCfg = Release|ARM
		{4DB6153D-330A-4AC3-A7AA-5E2B2AF1B379}.Release|ARM.Build.0 = Release|ARM
		{4DB6153D-330A-4AC3-A7AA-5E2B2AF1B379}.Release|ARM.Deploy.0 = Release|ARM
		{4DB6153D-330A-4AC3-A7AA-5E2B2AF1B379}.Release|iPhone.ActiveCfg = Release|Any CPU
		{4DB6153D-330A-4AC3-A7AA-5E2B2AF1B379}.Release|iPhone.Build.0 = Release|Any CPU
		{4DB6153D-330A-4AC3-A7AA-5E2B2AF1B379}.Release|iPhone.Deploy.0 = Release|Any CPU
		{4DB6153D-330A-4AC3-A7AA-5E2B2AF1B379}.Release|iPhoneSimulator.ActiveCfg = Release|Any CPU
		{4DB6153D-330A-4AC3-A7AA-5E2B2AF1B379}.Release|iPhoneSimulator.Build.0 = Release|Any CPU
		{4DB6153D-330A-4AC3-A7AA-5E2B2AF1B379}.Release|iPhoneSimulator.Deploy.0 = Release|Any CPU
		{4DB6153D-330A-4AC3-A7AA-5E2B2AF1B379}.Release|x86.ActiveCfg = Release|x86
		{4DB6153D-330A-4AC3-A7AA-5E2B2AF1B379}.Release|x86.Build.0 = Release|x86
		{4DB6153D-330A-4AC3-A7AA-5E2B2AF1B379}.Release|x86.Deploy.0 = Release|x86
		{699461A0-CDC6-4B3B-8961-6A6112F412DD}.Ad-Hoc|Any CPU.ActiveCfg = Release|Any CPU
		{699461A0-CDC6-4B3B-8961-6A6112F412DD}.Ad-Hoc|Any CPU.Build.0 = Release|Any CPU
		{699461A0-CDC6-4B3B-8961-6A6112F412DD}.Ad-Hoc|Any CPU.Deploy.0 = Release|Any CPU
		{699461A0-CDC6-4B3B-8961-6A6112F412DD}.Ad-Hoc|ARM.ActiveCfg = Release|Any CPU
		{699461A0-CDC6-4B3B-8961-6A6112F412DD}.Ad-Hoc|ARM.Build.0 = Release|Any CPU
		{699461A0-CDC6-4B3B-8961-6A6112F412DD}.Ad-Hoc|ARM.Deploy.0 = Release|Any CPU
		{699461A0-CDC6-4B3B-8961-6A6112F412DD}.Ad-Hoc|iPhone.ActiveCfg = Release|Any CPU
		{699461A0-CDC6-4B3B-8961-6A6112F412DD}.Ad-Hoc|iPhone.Build.0 = Release|Any CPU
		{699461A0-CDC6-4B3B-8961-6A6112F412DD}.Ad-Hoc|iPhone.Deploy.0 = Release|Any CPU
		{699461A0-CDC6-4B3B-8961-6A6112F412DD}.Ad-Hoc|iPhoneSimulator.ActiveCfg = Release|Any CPU
		{699461A0-CDC6-4B3B-8961-6A6112F412DD}.Ad-Hoc|iPhoneSimulator.Build.0 = Release|Any CPU
		{699461A0-CDC6-4B3B-8961-6A6112F412DD}.Ad-Hoc|iPhoneSimulator.Deploy.0 = Release|Any CPU
		{699461A0-CDC6-4B3B-8961-6A6112F412DD}.Ad-Hoc|x86.ActiveCfg = Release|Any CPU
		{699461A0-CDC6-4B3B-8961-6A6112F412DD}.Ad-Hoc|x86.Build.0 = Release|Any CPU
		{699461A0-CDC6-4B3B-8961-6A6112F412DD}.Ad-Hoc|x86.Deploy.0 = Release|Any CPU
		{699461A0-CDC6-4B3B-8961-6A6112F412DD}.AppStore|Any CPU.ActiveCfg = Release|Any CPU
		{699461A0-CDC6-4B3B-8961-6A6112F412DD}.AppStore|Any CPU.Build.0 = Release|Any CPU
		{699461A0-CDC6-4B3B-8961-6A6112F412DD}.AppStore|Any CPU.Deploy.0 = Release|Any CPU
		{699461A0-CDC6-4B3B-8961-6A6112F412DD}.AppStore|ARM.ActiveCfg = Release|Any CPU
		{699461A0-CDC6-4B3B-8961-6A6112F412DD}.AppStore|ARM.Build.0 = Release|Any CPU
		{699461A0-CDC6-4B3B-8961-6A6112F412DD}.AppStore|ARM.Deploy.0 = Release|Any CPU
		{699461A0-CDC6-4B3B-8961-6A6112F412DD}.AppStore|iPhone.ActiveCfg = Release|Any CPU
		{699461A0-CDC6-4B3B-8961-6A6112F412DD}.AppStore|iPhone.Build.0 = Release|Any CPU
		{699461A0-CDC6-4B3B-8961-6A6112F412DD}.AppStore|iPhone.Deploy.0 = Release|Any CPU
		{699461A0-CDC6-4B3B-8961-6A6112F412DD}.AppStore|iPhoneSimulator.ActiveCfg = Release|Any CPU
		{699461A0-CDC6-4B3B-8961-6A6112F412DD}.AppStore|iPhoneSimulator.Build.0 = Release|Any CPU
		{699461A0-CDC6-4B3B-8961-6A6112F412DD}.AppStore|iPhoneSimulator.Deploy.0 = Release|Any CPU
		{699461A0-CDC6-4B3B-8961-6A6112F412DD}.AppStore|x86.ActiveCfg = Release|Any CPU
		{699461A0-CDC6-4B3B-8961-6A6112F412DD}.AppStore|x86.Build.0 = Release|Any CPU
		{699461A0-CDC6-4B3B-8961-6A6112F412DD}.AppStore|x86.Deploy.0 = Release|Any CPU
		{699461A0-CDC6-4B3B-8961-6A6112F412DD}.Debug|Any CPU.ActiveCfg = Debug|Any CPU
		{699461A0-CDC6-4B3B-8961-6A6112F412DD}.Debug|Any CPU.Build.0 = Debug|Any CPU
		{699461A0-CDC6-4B3B-8961-6A6112F412DD}.Debug|Any CPU.Deploy.0 = Debug|Any CPU
		{699461A0-CDC6-4B3B-8961-6A6112F412DD}.Debug|ARM.ActiveCfg = Debug|Any CPU
		{699461A0-CDC6-4B3B-8961-6A6112F412DD}.Debug|ARM.Build.0 = Debug|Any CPU
		{699461A0-CDC6-4B3B-8961-6A6112F412DD}.Debug|ARM.Deploy.0 = Debug|Any CPU
		{699461A0-CDC6-4B3B-8961-6A6112F412DD}.Debug|iPhone.ActiveCfg = Debug|Any CPU
		{699461A0-CDC6-4B3B-8961-6A6112F412DD}.Debug|iPhone.Build.0 = Debug|Any CPU
		{699461A0-CDC6-4B3B-8961-6A6112F412DD}.Debug|iPhone.Deploy.0 = Debug|Any CPU
		{699461A0-CDC6-4B3B-8961-6A6112F412DD}.Debug|iPhoneSimulator.ActiveCfg = Debug|Any CPU
		{699461A0-CDC6-4B3B-8961-6A6112F412DD}.Debug|iPhoneSimulator.Build.0 = Debug|Any CPU
		{699461A0-CDC6-4B3B-8961-6A6112F412DD}.Debug|iPhoneSimulator.Deploy.0 = Debug|Any CPU
		{699461A0-CDC6-4B3B-8961-6A6112F412DD}.Debug|x86.ActiveCfg = Debug|Any CPU
		{699461A0-CDC6-4B3B-8961-6A6112F412DD}.Debug|x86.Build.0 = Debug|Any CPU
		{699461A0-CDC6-4B3B-8961-6A6112F412DD}.Debug|x86.Deploy.0 = Debug|Any CPU
		{699461A0-CDC6-4B3B-8961-6A6112F412DD}.Release|Any CPU.ActiveCfg = Release|Any CPU
		{699461A0-CDC6-4B3B-8961-6A6112F412DD}.Release|Any CPU.Build.0 = Release|Any CPU
		{699461A0-CDC6-4B3B-8961-6A6112F412DD}.Release|Any CPU.Deploy.0 = Release|Any CPU
		{699461A0-CDC6-4B3B-8961-6A6112F412DD}.Release|ARM.ActiveCfg = Release|Any CPU
		{699461A0-CDC6-4B3B-8961-6A6112F412DD}.Release|ARM.Build.0 = Release|Any CPU
		{699461A0-CDC6-4B3B-8961-6A6112F412DD}.Release|ARM.Deploy.0 = Release|Any CPU
		{699461A0-CDC6-4B3B-8961-6A6112F412DD}.Release|iPhone.ActiveCfg = Release|Any CPU
		{699461A0-CDC6-4B3B-8961-6A6112F412DD}.Release|iPhone.Build.0 = Release|Any CPU
		{699461A0-CDC6-4B3B-8961-6A6112F412DD}.Release|iPhone.Deploy.0 = Release|Any CPU
		{699461A0-CDC6-4B3B-8961-6A6112F412DD}.Release|iPhoneSimulator.ActiveCfg = Release|Any CPU
		{699461A0-CDC6-4B3B-8961-6A6112F412DD}.Release|iPhoneSimulator.Build.0 = Release|Any CPU
		{699461A0-CDC6-4B3B-8961-6A6112F412DD}.Release|iPhoneSimulator.Deploy.0 = Release|Any CPU
		{699461A0-CDC6-4B3B-8961-6A6112F412DD}.Release|x86.ActiveCfg = Release|Any CPU
		{699461A0-CDC6-4B3B-8961-6A6112F412DD}.Release|x86.Build.0 = Release|Any CPU
		{699461A0-CDC6-4B3B-8961-6A6112F412DD}.Release|x86.Deploy.0 = Release|Any CPU
		{8338F2AE-310B-4EF2-B858-EEDCC5118E71}.Ad-Hoc|Any CPU.ActiveCfg = Release|Any CPU
		{8338F2AE-310B-4EF2-B858-EEDCC5118E71}.Ad-Hoc|Any CPU.Build.0 = Release|Any CPU
		{8338F2AE-310B-4EF2-B858-EEDCC5118E71}.Ad-Hoc|ARM.ActiveCfg = Release|Any CPU
		{8338F2AE-310B-4EF2-B858-EEDCC5118E71}.Ad-Hoc|ARM.Build.0 = Release|Any CPU
		{8338F2AE-310B-4EF2-B858-EEDCC5118E71}.Ad-Hoc|iPhone.ActiveCfg = Release|Any CPU
		{8338F2AE-310B-4EF2-B858-EEDCC5118E71}.Ad-Hoc|iPhone.Build.0 = Release|Any CPU
		{8338F2AE-310B-4EF2-B858-EEDCC5118E71}.Ad-Hoc|iPhoneSimulator.ActiveCfg = Release|Any CPU
		{8338F2AE-310B-4EF2-B858-EEDCC5118E71}.Ad-Hoc|iPhoneSimulator.Build.0 = Release|Any CPU
		{8338F2AE-310B-4EF2-B858-EEDCC5118E71}.Ad-Hoc|x86.ActiveCfg = Release|Any CPU
		{8338F2AE-310B-4EF2-B858-EEDCC5118E71}.Ad-Hoc|x86.Build.0 = Release|Any CPU
		{8338F2AE-310B-4EF2-B858-EEDCC5118E71}.AppStore|Any CPU.ActiveCfg = Release|Any CPU
		{8338F2AE-310B-4EF2-B858-EEDCC5118E71}.AppStore|Any CPU.Build.0 = Release|Any CPU
		{8338F2AE-310B-4EF2-B858-EEDCC5118E71}.AppStore|ARM.ActiveCfg = Release|Any CPU
		{8338F2AE-310B-4EF2-B858-EEDCC5118E71}.AppStore|ARM.Build.0 = Release|Any CPU
		{8338F2AE-310B-4EF2-B858-EEDCC5118E71}.AppStore|iPhone.ActiveCfg = Release|Any CPU
		{8338F2AE-310B-4EF2-B858-EEDCC5118E71}.AppStore|iPhone.Build.0 = Release|Any CPU
		{8338F2AE-310B-4EF2-B858-EEDCC5118E71}.AppStore|iPhoneSimulator.ActiveCfg = Release|Any CPU
		{8338F2AE-310B-4EF2-B858-EEDCC5118E71}.AppStore|iPhoneSimulator.Build.0 = Release|Any CPU
		{8338F2AE-310B-4EF2-B858-EEDCC5118E71}.AppStore|x86.ActiveCfg = Release|Any CPU
		{8338F2AE-310B-4EF2-B858-EEDCC5118E71}.AppStore|x86.Build.0 = Release|Any CPU
		{8338F2AE-310B-4EF2-B858-EEDCC5118E71}.Debug|Any CPU.ActiveCfg = Debug|Any CPU
		{8338F2AE-310B-4EF2-B858-EEDCC5118E71}.Debug|Any CPU.Build.0 = Debug|Any CPU
		{8338F2AE-310B-4EF2-B858-EEDCC5118E71}.Debug|ARM.ActiveCfg = Debug|Any CPU
		{8338F2AE-310B-4EF2-B858-EEDCC5118E71}.Debug|ARM.Build.0 = Debug|Any CPU
		{8338F2AE-310B-4EF2-B858-EEDCC5118E71}.Debug|iPhone.ActiveCfg = Debug|Any CPU
		{8338F2AE-310B-4EF2-B858-EEDCC5118E71}.Debug|iPhone.Build.0 = Debug|Any CPU
		{8338F2AE-310B-4EF2-B858-EEDCC5118E71}.Debug|iPhoneSimulator.ActiveCfg = Debug|Any CPU
		{8338F2AE-310B-4EF2-B858-EEDCC5118E71}.Debug|iPhoneSimulator.Build.0 = Debug|Any CPU
		{8338F2AE-310B-4EF2-B858-EEDCC5118E71}.Debug|x86.ActiveCfg = Debug|Any CPU
		{8338F2AE-310B-4EF2-B858-EEDCC5118E71}.Debug|x86.Build.0 = Debug|Any CPU
		{8338F2AE-310B-4EF2-B858-EEDCC5118E71}.Release|Any CPU.ActiveCfg = Release|Any CPU
		{8338F2AE-310B-4EF2-B858-EEDCC5118E71}.Release|Any CPU.Build.0 = Release|Any CPU
		{8338F2AE-310B-4EF2-B858-EEDCC5118E71}.Release|ARM.ActiveCfg = Release|Any CPU
		{8338F2AE-310B-4EF2-B858-EEDCC5118E71}.Release|ARM.Build.0 = Release|Any CPU
		{8338F2AE-310B-4EF2-B858-EEDCC5118E71}.Release|iPhone.ActiveCfg = Release|Any CPU
		{8338F2AE-310B-4EF2-B858-EEDCC5118E71}.Release|iPhone.Build.0 = Release|Any CPU
		{8338F2AE-310B-4EF2-B858-EEDCC5118E71}.Release|iPhoneSimulator.ActiveCfg = Release|Any CPU
		{8338F2AE-310B-4EF2-B858-EEDCC5118E71}.Release|iPhoneSimulator.Build.0 = Release|Any CPU
		{8338F2AE-310B-4EF2-B858-EEDCC5118E71}.Release|x86.ActiveCfg = Release|Any CPU
		{8338F2AE-310B-4EF2-B858-EEDCC5118E71}.Release|x86.Build.0 = Release|Any CPU
		{A6BBB420-A307-41D2-A55B-9C5BA4492794}.Ad-Hoc|Any CPU.ActiveCfg = Release|Any CPU
		{A6BBB420-A307-41D2-A55B-9C5BA4492794}.Ad-Hoc|Any CPU.Build.0 = Release|Any CPU
		{A6BBB420-A307-41D2-A55B-9C5BA4492794}.Ad-Hoc|ARM.ActiveCfg = Release|Any CPU
		{A6BBB420-A307-41D2-A55B-9C5BA4492794}.Ad-Hoc|ARM.Build.0 = Release|Any CPU
		{A6BBB420-A307-41D2-A55B-9C5BA4492794}.Ad-Hoc|iPhone.ActiveCfg = Release|Any CPU
		{A6BBB420-A307-41D2-A55B-9C5BA4492794}.Ad-Hoc|iPhone.Build.0 = Release|Any CPU
		{A6BBB420-A307-41D2-A55B-9C5BA4492794}.Ad-Hoc|iPhoneSimulator.ActiveCfg = Release|Any CPU
		{A6BBB420-A307-41D2-A55B-9C5BA4492794}.Ad-Hoc|iPhoneSimulator.Build.0 = Release|Any CPU
		{A6BBB420-A307-41D2-A55B-9C5BA4492794}.Ad-Hoc|x86.ActiveCfg = Release|Any CPU
		{A6BBB420-A307-41D2-A55B-9C5BA4492794}.Ad-Hoc|x86.Build.0 = Release|Any CPU
		{A6BBB420-A307-41D2-A55B-9C5BA4492794}.AppStore|Any CPU.ActiveCfg = Release|Any CPU
		{A6BBB420-A307-41D2-A55B-9C5BA4492794}.AppStore|Any CPU.Build.0 = Release|Any CPU
		{A6BBB420-A307-41D2-A55B-9C5BA4492794}.AppStore|ARM.ActiveCfg = Release|Any CPU
		{A6BBB420-A307-41D2-A55B-9C5BA4492794}.AppStore|ARM.Build.0 = Release|Any CPU
		{A6BBB420-A307-41D2-A55B-9C5BA4492794}.AppStore|iPhone.ActiveCfg = Release|Any CPU
		{A6BBB420-A307-41D2-A55B-9C5BA4492794}.AppStore|iPhone.Build.0 = Release|Any CPU
		{A6BBB420-A307-41D2-A55B-9C5BA4492794}.AppStore|iPhoneSimulator.ActiveCfg = Release|Any CPU
		{A6BBB420-A307-41D2-A55B-9C5BA4492794}.AppStore|iPhoneSimulator.Build.0 = Release|Any CPU
		{A6BBB420-A307-41D2-A55B-9C5BA4492794}.AppStore|x86.ActiveCfg = Release|Any CPU
		{A6BBB420-A307-41D2-A55B-9C5BA4492794}.AppStore|x86.Build.0 = Release|Any CPU
		{A6BBB420-A307-41D2-A55B-9C5BA4492794}.Debug|Any CPU.ActiveCfg = Debug|Any CPU
		{A6BBB420-A307-41D2-A55B-9C5BA4492794}.Debug|Any CPU.Build.0 = Debug|Any CPU
		{A6BBB420-A307-41D2-A55B-9C5BA4492794}.Debug|ARM.ActiveCfg = Debug|Any CPU
		{A6BBB420-A307-41D2-A55B-9C5BA4492794}.Debug|ARM.Build.0 = Debug|Any CPU
		{A6BBB420-A307-41D2-A55B-9C5BA4492794}.Debug|iPhone.ActiveCfg = Debug|Any CPU
		{A6BBB420-A307-41D2-A55B-9C5BA4492794}.Debug|iPhone.Build.0 = Debug|Any CPU
		{A6BBB420-A307-41D2-A55B-9C5BA4492794}.Debug|iPhoneSimulator.ActiveCfg = Debug|Any CPU
		{A6BBB420-A307-41D2-A55B-9C5BA4492794}.Debug|iPhoneSimulator.Build.0 = Debug|Any CPU
		{A6BBB420-A307-41D2-A55B-9C5BA4492794}.Debug|x86.ActiveCfg = Debug|Any CPU
		{A6BBB420-A307-41D2-A55B-9C5BA4492794}.Debug|x86.Build.0 = Debug|Any CPU
		{A6BBB420-A307-41D2-A55B-9C5BA4492794}.Release|Any CPU.ActiveCfg = Release|Any CPU
		{A6BBB420-A307-41D2-A55B-9C5BA4492794}.Release|Any CPU.Build.0 = Release|Any CPU
		{A6BBB420-A307-41D2-A55B-9C5BA4492794}.Release|ARM.ActiveCfg = Release|Any CPU
		{A6BBB420-A307-41D2-A55B-9C5BA4492794}.Release|ARM.Build.0 = Release|Any CPU
		{A6BBB420-A307-41D2-A55B-9C5BA4492794}.Release|iPhone.ActiveCfg = Release|Any CPU
		{A6BBB420-A307-41D2-A55B-9C5BA4492794}.Release|iPhone.Build.0 = Release|Any CPU
		{A6BBB420-A307-41D2-A55B-9C5BA4492794}.Release|iPhoneSimulator.ActiveCfg = Release|Any CPU
		{A6BBB420-A307-41D2-A55B-9C5BA4492794}.Release|iPhoneSimulator.Build.0 = Release|Any CPU
		{A6BBB420-A307-41D2-A55B-9C5BA4492794}.Release|x86.ActiveCfg = Release|Any CPU
		{A6BBB420-A307-41D2-A55B-9C5BA4492794}.Release|x86.Build.0 = Release|Any CPU
		{CF85F70F-CB27-4E27-89CB-3AE5D15FC22E}.Ad-Hoc|Any CPU.ActiveCfg = Release|Any CPU
		{CF85F70F-CB27-4E27-89CB-3AE5D15FC22E}.Ad-Hoc|Any CPU.Build.0 = Release|Any CPU
		{CF85F70F-CB27-4E27-89CB-3AE5D15FC22E}.Ad-Hoc|ARM.ActiveCfg = Release|Any CPU
		{CF85F70F-CB27-4E27-89CB-3AE5D15FC22E}.Ad-Hoc|ARM.Build.0 = Release|Any CPU
		{CF85F70F-CB27-4E27-89CB-3AE5D15FC22E}.Ad-Hoc|iPhone.ActiveCfg = Release|Any CPU
		{CF85F70F-CB27-4E27-89CB-3AE5D15FC22E}.Ad-Hoc|iPhone.Build.0 = Release|Any CPU
		{CF85F70F-CB27-4E27-89CB-3AE5D15FC22E}.Ad-Hoc|iPhoneSimulator.ActiveCfg = Release|Any CPU
		{CF85F70F-CB27-4E27-89CB-3AE5D15FC22E}.Ad-Hoc|iPhoneSimulator.Build.0 = Release|Any CPU
		{CF85F70F-CB27-4E27-89CB-3AE5D15FC22E}.Ad-Hoc|x86.ActiveCfg = Release|Any CPU
		{CF85F70F-CB27-4E27-89CB-3AE5D15FC22E}.Ad-Hoc|x86.Build.0 = Release|Any CPU
		{CF85F70F-CB27-4E27-89CB-3AE5D15FC22E}.AppStore|Any CPU.ActiveCfg = Release|Any CPU
		{CF85F70F-CB27-4E27-89CB-3AE5D15FC22E}.AppStore|Any CPU.Build.0 = Release|Any CPU
		{CF85F70F-CB27-4E27-89CB-3AE5D15FC22E}.AppStore|ARM.ActiveCfg = Release|Any CPU
		{CF85F70F-CB27-4E27-89CB-3AE5D15FC22E}.AppStore|ARM.Build.0 = Release|Any CPU
		{CF85F70F-CB27-4E27-89CB-3AE5D15FC22E}.AppStore|iPhone.ActiveCfg = Release|Any CPU
		{CF85F70F-CB27-4E27-89CB-3AE5D15FC22E}.AppStore|iPhone.Build.0 = Release|Any CPU
		{CF85F70F-CB27-4E27-89CB-3AE5D15FC22E}.AppStore|iPhoneSimulator.ActiveCfg = Release|Any CPU
		{CF85F70F-CB27-4E27-89CB-3AE5D15FC22E}.AppStore|iPhoneSimulator.Build.0 = Release|Any CPU
		{CF85F70F-CB27-4E27-89CB-3AE5D15FC22E}.AppStore|x86.ActiveCfg = Release|Any CPU
		{CF85F70F-CB27-4E27-89CB-3AE5D15FC22E}.AppStore|x86.Build.0 = Release|Any CPU
		{CF85F70F-CB27-4E27-89CB-3AE5D15FC22E}.Debug|Any CPU.ActiveCfg = Debug|Any CPU
		{CF85F70F-CB27-4E27-89CB-3AE5D15FC22E}.Debug|Any CPU.Build.0 = Debug|Any CPU
		{CF85F70F-CB27-4E27-89CB-3AE5D15FC22E}.Debug|ARM.ActiveCfg = Debug|Any CPU
		{CF85F70F-CB27-4E27-89CB-3AE5D15FC22E}.Debug|ARM.Build.0 = Debug|Any CPU
		{CF85F70F-CB27-4E27-89CB-3AE5D15FC22E}.Debug|iPhone.ActiveCfg = Debug|Any CPU
		{CF85F70F-CB27-4E27-89CB-3AE5D15FC22E}.Debug|iPhone.Build.0 = Debug|Any CPU
		{CF85F70F-CB27-4E27-89CB-3AE5D15FC22E}.Debug|iPhoneSimulator.ActiveCfg = Debug|Any CPU
		{CF85F70F-CB27-4E27-89CB-3AE5D15FC22E}.Debug|iPhoneSimulator.Build.0 = Debug|Any CPU
		{CF85F70F-CB27-4E27-89CB-3AE5D15FC22E}.Debug|x86.ActiveCfg = Debug|Any CPU
		{CF85F70F-CB27-4E27-89CB-3AE5D15FC22E}.Debug|x86.Build.0 = Debug|Any CPU
		{CF85F70F-CB27-4E27-89CB-3AE5D15FC22E}.Release|Any CPU.ActiveCfg = Release|Any CPU
		{CF85F70F-CB27-4E27-89CB-3AE5D15FC22E}.Release|Any CPU.Build.0 = Release|Any CPU
		{CF85F70F-CB27-4E27-89CB-3AE5D15FC22E}.Release|ARM.ActiveCfg = Release|Any CPU
		{CF85F70F-CB27-4E27-89CB-3AE5D15FC22E}.Release|ARM.Build.0 = Release|Any CPU
		{CF85F70F-CB27-4E27-89CB-3AE5D15FC22E}.Release|iPhone.ActiveCfg = Release|Any CPU
		{CF85F70F-CB27-4E27-89CB-3AE5D15FC22E}.Release|iPhone.Build.0 = Release|Any CPU
		{CF85F70F-CB27-4E27-89CB-3AE5D15FC22E}.Release|iPhoneSimulator.ActiveCfg = Release|Any CPU
		{CF85F70F-CB27-4E27-89CB-3AE5D15FC22E}.Release|iPhoneSimulator.Build.0 = Release|Any CPU
		{CF85F70F-CB27-4E27-89CB-3AE5D15FC22E}.Release|x86.ActiveCfg = Release|Any CPU
		{CF85F70F-CB27-4E27-89CB-3AE5D15FC22E}.Release|x86.Build.0 = Release|Any CPU
	EndGlobalSection
	GlobalSection(NestedProjects) = preSolution
		{8338F2AE-310B-4EF2-B858-EEDCC5118E71} = {309749A2-72FB-49F7-A8C8-AB1BF8121B14}
		{CF85F70F-CB27-4E27-89CB-3AE5D15FC22E} = {309749A2-72FB-49F7-A8C8-AB1BF8121B14}
		{382CA8E1-D7E8-4959-8F32-8C3A1991F6A0} = {7FA3148C-68F8-4C0F-B0A3-3B64DAF5A80D}
		{699461A0-CDC6-4B3B-8961-6A6112F412DD} = {7FA3148C-68F8-4C0F-B0A3-3B64DAF5A80D}
		{4DB6153D-330A-4AC3-A7AA-5E2B2AF1B379} = {7FA3148C-68F8-4C0F-B0A3-3B64DAF5A80D}
		{49EDEA7E-32CD-4510-96A1-E1D2BBB79128} = {5E08E4F9-A4FB-4D8C-B771-8BCF9D8B5319}
		{A6BBB420-A307-41D2-A55B-9C5BA4492794} = {5E08E4F9-A4FB-4D8C-B771-8BCF9D8B5319}
	EndGlobalSection
	GlobalSection(SolutionProperties) = preSolution
		HideSolutionNode = FALSE
	EndGlobalSection
EndGlobal
